
Microsoft Visual Studio Solution File, Format Version 12.00
# Visual Studio 15
Project("{FAE04EC0-301F-11D3-BF4B-00C04F79EFBC}") = "VR - 171242", "VR - 171242.csproj", "{FB4CEC54-1BD9-63EB-30AD-AEEF813F65AF}"
EndProject
Project("{FAE04EC0-301F-11D3-BF4B-00C04F79EFBC}") = "VR - 171242.Plugins", "VR - 171242.Plugins.csproj", "{EB32D4D6-FCA9-080E-E70B-23EE23FD2778}"
EndProject
Project("{FAE04EC0-301F-11D3-BF4B-00C04F79EFBC}") = "VR - 171242.Editor.Plugins", "VR - 171242.Editor.Plugins.csproj", "{999D574C-F9B4-D713-0F72-96426FE15798}"
EndProject
Project("{FAE04EC0-301F-11D3-BF4B-00C04F79EFBC}") = "VR - 171242.Editor", "VR - 171242.Editor.csproj", "{4405F1D4-EFB4-AA3B-6C84-0051882DE971}"
EndProject
Global
	GlobalSection(SolutionConfigurationPlatforms) = preSolution
		Debug|Any CPU = Debug|Any CPU
		Release|Any CPU = Release|Any CPU
	EndGlobalSection
	GlobalSection(ProjectConfigurationPlatforms) = postSolution
		{FB4CEC54-1BD9-63EB-30AD-AEEF813F65AF}.Debug|Any CPU.ActiveCfg = Debug|Any CPU
		{FB4CEC54-1BD9-63EB-30AD-AEEF813F65AF}.Debug|Any CPU.Build.0 = Debug|Any CPU
		{FB4CEC54-1BD9-63EB-30AD-AEEF813F65AF}.Release|Any CPU.ActiveCfg = Release|Any CPU
		{FB4CEC54-1BD9-63EB-30AD-AEEF813F65AF}.Release|Any CPU.Build.0 = Release|Any CPU
		{EB32D4D6-FCA9-080E-E70B-23EE23FD2778}.Debug|Any CPU.ActiveCfg = Debug|Any CPU
		{EB32D4D6-FCA9-080E-E70B-23EE23FD2778}.Debug|Any CPU.Build.0 = Debug|Any CPU
		{EB32D4D6-FCA9-080E-E70B-23EE23FD2778}.Release|Any CPU.ActiveCfg = Release|Any CPU
		{EB32D4D6-FCA9-080E-E70B-23EE23FD2778}.Release|Any CPU.Build.0 = Release|Any CPU
		{999D574C-F9B4-D713-0F72-96426FE15798}.Debug|Any CPU.ActiveCfg = Debug|Any CPU
		{999D574C-F9B4-D713-0F72-96426FE15798}.Debug|Any CPU.Build.0 = Debug|Any CPU
		{999D574C-F9B4-D713-0F72-96426FE15798}.Release|Any CPU.ActiveCfg = Release|Any CPU
		{999D574C-F9B4-D713-0F72-96426FE15798}.Release|Any CPU.Build.0 = Release|Any CPU
		{4405F1D4-EFB4-AA3B-6C84-0051882DE971}.Debug|Any CPU.ActiveCfg = Debug|Any CPU
		{4405F1D4-EFB4-AA3B-6C84-0051882DE971}.Debug|Any CPU.Build.0 = Debug|Any CPU
		{4405F1D4-EFB4-AA3B-6C84-0051882DE971}.Release|Any CPU.ActiveCfg = Release|Any CPU
		{4405F1D4-EFB4-AA3B-6C84-0051882DE971}.Release|Any CPU.Build.0 = Release|Any CPU
	EndGlobalSection
	GlobalSection(SolutionProperties) = preSolution
		HideSolutionNode = FALSE
	EndGlobalSection
EndGlobal
